
Microsoft Visual Studio Solution File, Format Version 12.00
# Visual Studio Version 17
VisualStudioVersion = 17.1.32319.34
MinimumVisualStudioVersion = 10.0.40219.1
Project("{FAE04EC0-301F-11D3-BF4B-00C04F79EFBC}") = "AddressBook.Desktop", "AddressBook.Desktop\AddressBook.Desktop.csproj", "{7E4002FA-9D82-4336-A554-BEE32DC8C76A}"
EndProject
Project("{FAE04EC0-301F-11D3-BF4B-00C04F79EFBC}") = "AddressBook.Data", "AddressBook.Data\AddressBook.Data.csproj", "{A01A7505-50E1-4628-B577-56B750D6A7D8}"
EndProject
Global
	GlobalSection(SolutionConfigurationPlatforms) = preSolution
		Debug|Any CPU = Debug|Any CPU
		Release|Any CPU = Release|Any CPU
	EndGlobalSection
	GlobalSection(ProjectConfigurationPlatforms) = postSolution
		{7E4002FA-9D82-4336-A554-BEE32DC8C76A}.Debug|Any CPU.ActiveCfg = Debug|Any CPU
		{7E4002FA-9D82-4336-A554-BEE32DC8C76A}.Debug|Any CPU.Build.0 = Debug|Any CPU
		{7E4002FA-9D82-4336-A554-BEE32DC8C76A}.Release|Any CPU.ActiveCfg = Release|Any CPU
		{7E4002FA-9D82-4336-A554-BEE32DC8C76A}.Release|Any CPU.Build.0 = Release|Any CPU
		{A01A7505-50E1-4628-B577-56B750D6A7D8}.Debug|Any CPU.ActiveCfg = Debug|Any CPU
		{A01A7505-50E1-4628-B577-56B750D6A7D8}.Debug|Any CPU.Build.0 = Debug|Any CPU
		{A01A7505-50E1-4628-B577-56B750D6A7D8}.Release|Any CPU.ActiveCfg = Release|Any CPU
		{A01A7505-50E1-4628-B577-56B750D6A7D8}.Release|Any CPU.Build.0 = Release|Any CPU
	EndGlobalSection
	GlobalSection(SolutionProperties) = preSolution
		HideSolutionNode = FALSE
	EndGlobalSection
	GlobalSection(ExtensibilityGlobals) = postSolution
		SolutionGuid = {E363C9C3-AF49-4B66-B8DE-EEA2E57DC37A}
	EndGlobalSection
EndGlobal
